
Microsoft Visual Studio Solution File, Format Version 12.00
# Visual Studio Version 17
VisualStudioVersion = 17.3.32804.467
MinimumVisualStudioVersion = 10.0.40219.1
Project("{FAE04EC0-301F-11D3-BF4B-00C04F79EFBC}") = "ChatService", "ChatService\ChatService.csproj", "{ABE2389C-4F82-405A-A4DB-08D53C799A57}"
EndProject
Project("{FAE04EC0-301F-11D3-BF4B-00C04F79EFBC}") = "ChatClient", "ChatClient\ChatClient.csproj", "{A38242BF-350E-4FE9-9685-0EFB265AAEFE}"
EndProject
Global
	GlobalSection(SolutionConfigurationPlatforms) = preSolution
		Debug|Any CPU = Debug|Any CPU
		Release|Any CPU = Release|Any CPU
	EndGlobalSection
	GlobalSection(ProjectConfigurationPlatforms) = postSolution
		{ABE2389C-4F82-405A-A4DB-08D53C799A57}.Debug|Any CPU.ActiveCfg = Debug|Any CPU
		{ABE2389C-4F82-405A-A4DB-08D53C799A57}.Debug|Any CPU.Build.0 = Debug|Any CPU
		{ABE2389C-4F82-405A-A4DB-08D53C799A57}.Release|Any CPU.ActiveCfg = Release|Any CPU
		{ABE2389C-4F82-405A-A4DB-08D53C799A57}.Release|Any CPU.Build.0 = Release|Any CPU
		{A38242BF-350E-4FE9-9685-0EFB265AAEFE}.Debug|Any CPU.ActiveCfg = Debug|Any CPU
		{A38242BF-350E-4FE9-9685-0EFB265AAEFE}.Debug|Any CPU.Build.0 = Debug|Any CPU
		{A38242BF-350E-4FE9-9685-0EFB265AAEFE}.Release|Any CPU.ActiveCfg = Release|Any CPU
		{A38242BF-350E-4FE9-9685-0EFB265AAEFE}.Release|Any CPU.Build.0 = Release|Any CPU
	EndGlobalSection
	GlobalSection(SolutionProperties) = preSolution
		HideSolutionNode = FALSE
	EndGlobalSection
	GlobalSection(ExtensibilityGlobals) = postSolution
		SolutionGuid = {F5175703-58D1-4176-9B13-BFB1E9458BC1}
	EndGlobalSection
EndGlobal
