
Microsoft Visual Studio Solution File, Format Version 12.00
# Visual Studio Version 17
VisualStudioVersion = 17.4.33122.133
MinimumVisualStudioVersion = 10.0.40219.1
Project("{FAE04EC0-301F-11D3-BF4B-00C04F79EFBC}") = "PumpService", "PumpService\PumpService.csproj", "{EFCD606E-14AA-486B-AF77-D08CD1A2FAE4}"
EndProject
Project("{FAE04EC0-301F-11D3-BF4B-00C04F79EFBC}") = "PumpService.Client", "PumpService.Client\PumpService.Client.csproj", "{E6C2F7EC-4ADD-4CB9-A23B-2DE99A05324B}"
EndProject
Global
	GlobalSection(SolutionConfigurationPlatforms) = preSolution
		Debug|Any CPU = Debug|Any CPU
		Release|Any CPU = Release|Any CPU
	EndGlobalSection
	GlobalSection(ProjectConfigurationPlatforms) = postSolution
		{EFCD606E-14AA-486B-AF77-D08CD1A2FAE4}.Debug|Any CPU.ActiveCfg = Debug|Any CPU
		{EFCD606E-14AA-486B-AF77-D08CD1A2FAE4}.Debug|Any CPU.Build.0 = Debug|Any CPU
		{EFCD606E-14AA-486B-AF77-D08CD1A2FAE4}.Release|Any CPU.ActiveCfg = Release|Any CPU
		{EFCD606E-14AA-486B-AF77-D08CD1A2FAE4}.Release|Any CPU.Build.0 = Release|Any CPU
		{E6C2F7EC-4ADD-4CB9-A23B-2DE99A05324B}.Debug|Any CPU.ActiveCfg = Debug|Any CPU
		{E6C2F7EC-4ADD-4CB9-A23B-2DE99A05324B}.Debug|Any CPU.Build.0 = Debug|Any CPU
		{E6C2F7EC-4ADD-4CB9-A23B-2DE99A05324B}.Release|Any CPU.ActiveCfg = Release|Any CPU
		{E6C2F7EC-4ADD-4CB9-A23B-2DE99A05324B}.Release|Any CPU.Build.0 = Release|Any CPU
	EndGlobalSection
	GlobalSection(SolutionProperties) = preSolution
		HideSolutionNode = FALSE
	EndGlobalSection
	GlobalSection(ExtensibilityGlobals) = postSolution
		SolutionGuid = {D6EF87D8-7EBD-4F9E-9014-36C8FFB2DCFB}
	EndGlobalSection
EndGlobal
